
Microsoft Visual Studio Solution File, Format Version 12.00
# Visual Studio Version 17
VisualStudioVersion = 17.2.32616.157
MinimumVisualStudioVersion = 10.0.40219.1
Project("{FAE04EC0-301F-11D3-BF4B-00C04F79EFBC}") = "TradeSimulator", "TradeSimulator\TradeSimulator.csproj", "{6241428D-0B74-4466-AF80-F573FB53389F}"
EndProject
Global
	GlobalSection(SolutionConfigurationPlatforms) = preSolution
		Debug|Any CPU = Debug|Any CPU
		Release|Any CPU = Release|Any CPU
	EndGlobalSection
	GlobalSection(ProjectConfigurationPlatforms) = postSolution
		{6241428D-0B74-4466-AF80-F573FB53389F}.Debug|Any CPU.ActiveCfg = Debug|Any CPU
		{6241428D-0B74-4466-AF80-F573FB53389F}.Debug|Any CPU.Build.0 = Debug|Any CPU
		{6241428D-0B74-4466-AF80-F573FB53389F}.Release|Any CPU.ActiveCfg = Release|Any CPU
		{6241428D-0B74-4466-AF80-F573FB53389F}.Release|Any CPU.Build.0 = Release|Any CPU
	EndGlobalSection
	GlobalSection(SolutionProperties) = preSolution
		HideSolutionNode = FALSE
	EndGlobalSection
	GlobalSection(ExtensibilityGlobals) = postSolution
		SolutionGuid = {7F8B95B3-C012-4BBE-8073-74A81748DD62}
	EndGlobalSection
EndGlobal
